
Microsoft Visual Studio Solution File, Format Version 12.00
# Visual Studio Version 16
VisualStudioVersion = 16.0.30413.136
MinimumVisualStudioVersion = 10.0.40219.1
Project("{9A19103F-16F7-4668-BE54-9A1E7A4F7556}") = "MarkDocsApp", "MarkDocsApp\MarkDocsApp.csproj", "{8A13F702-5385-488A-8835-A70074A7DF85}"
EndProject
Project("{2150E333-8FDC-42A3-9474-1A3956D46DE8}") = "Infrastructure", "Infrastructure", "{5B9CFD8C-A916-4C82-B3F5-D6A4A4C81E03}"
EndProject
Project("{9A19103F-16F7-4668-BE54-9A1E7A4F7556}") = "DALContracts", "InfraDAL\DALContracts.csproj", "{C25009C2-AE74-46D5-A897-A8246291A75F}"
EndProject
Project("{9A19103F-16F7-4668-BE54-9A1E7A4F7556}") = "ORDAL", "ORDAL\ORDAL.csproj", "{1AE7109A-9AC8-4F75-ADE8-2815B6068597}"
EndProject
Project("{9A19103F-16F7-4668-BE54-9A1E7A4F7556}") = "DI", "DI\DI.csproj", "{A8EBA270-4814-4130-9E67-B45353F6916E}"
EndProject
Project("{9A19103F-16F7-4668-BE54-9A1E7A4F7556}") = "DIContracts", "DIContracts\DIContracts.csproj", "{81EF35A7-721A-4615-B28D-0C42B8CB61D3}"
EndProject
Project("{9A19103F-16F7-4668-BE54-9A1E7A4F7556}") = "DALTest", "DALTest\DALTest.csproj", "{178C06B6-F883-4755-9977-D60173FD7D47}"
EndProject
Project("{9A19103F-16F7-4668-BE54-9A1E7A4F7556}") = "MarkDocsAppContracts", "MarkDocsAppContracts\MarkDocsAppContracts.csproj", "{A13D46F3-7400-4D49-8172-49EBFDB9C042}"
EndProject
Project("{2150E333-8FDC-42A3-9474-1A3956D46DE8}") = "BLL", "BLL", "{60AFDB1A-480B-4EF8-BAA2-2A3348FE08CE}"
EndProject
Project("{9A19103F-16F7-4668-BE54-9A1E7A4F7556}") = "UserService", "UserService\UserService.csproj", "{24FF902F-688A-4316-9D51-C9C3182C4083}"
EndProject
Project("{9A19103F-16F7-4668-BE54-9A1E7A4F7556}") = "SharingService", "SharingService\SharingService.csproj", "{5E3CF1D5-9CA9-46C8-949B-E45976EFA17B}"
EndProject
Project("{9A19103F-16F7-4668-BE54-9A1E7A4F7556}") = "MarkerService", "MarkerService\MarkerService.csproj", "{02D2C8DD-DCB6-44DF-B9DE-1D3C386BCC2A}"
EndProject
Project("{9A19103F-16F7-4668-BE54-9A1E7A4F7556}") = "DocumentService", "DocumentService\DocumentService.csproj", "{E7773F75-F87C-4C03-A5F4-36BE7E6C99EC}"
EndProject
Project("{9A19103F-16F7-4668-BE54-9A1E7A4F7556}") = "MarkDocsAppDAL", "MarkDocsAppDAL\MarkDocsAppDAL.csproj", "{6DFBF4E4-1BC1-4600-96AF-A07F1D235FC7}"
EndProject
Project("{9A19103F-16F7-4668-BE54-9A1E7A4F7556}") = "MarkDocsAppDALTest", "MarkDocsAppDALTest\MarkDocsAppDALTest.csproj", "{94AC8A9D-5CA9-4AE5-86A8-25BE39D477C4}"
EndProject
Project("{9A19103F-16F7-4668-BE54-9A1E7A4F7556}") = "SocketContracts", "SocketContracts\SocketContracts.csproj", "{74EE9B8C-D242-4514-A945-F3A014086FFD}"
EndProject
Project("{9A19103F-16F7-4668-BE54-9A1E7A4F7556}") = "Socket", "Socket\Socket.csproj", "{DC0C6787-921A-4F3B-84EF-8D8C26B29350}"
EndProject
Project("{FAE04EC0-301F-11D3-BF4B-00C04F79EFBC}") = "WSServices", "WSServices\WSServices.csproj", "{84D3CED8-EC58-447A-84BF-90A22C7F8BEA}"
EndProject
Global
	GlobalSection(SolutionConfigurationPlatforms) = preSolution
		Debug|Any CPU = Debug|Any CPU
		Release|Any CPU = Release|Any CPU
	EndGlobalSection
	GlobalSection(ProjectConfigurationPlatforms) = postSolution
		{8A13F702-5385-488A-8835-A70074A7DF85}.Debug|Any CPU.ActiveCfg = Debug|Any CPU
		{8A13F702-5385-488A-8835-A70074A7DF85}.Debug|Any CPU.Build.0 = Debug|Any CPU
		{8A13F702-5385-488A-8835-A70074A7DF85}.Release|Any CPU.ActiveCfg = Release|Any CPU
		{8A13F702-5385-488A-8835-A70074A7DF85}.Release|Any CPU.Build.0 = Release|Any CPU
		{C25009C2-AE74-46D5-A897-A8246291A75F}.Debug|Any CPU.ActiveCfg = Debug|Any CPU
		{C25009C2-AE74-46D5-A897-A8246291A75F}.Debug|Any CPU.Build.0 = Debug|Any CPU
		{C25009C2-AE74-46D5-A897-A8246291A75F}.Release|Any CPU.ActiveCfg = Release|Any CPU
		{C25009C2-AE74-46D5-A897-A8246291A75F}.Release|Any CPU.Build.0 = Release|Any CPU
		{1AE7109A-9AC8-4F75-ADE8-2815B6068597}.Debug|Any CPU.ActiveCfg = Debug|Any CPU
		{1AE7109A-9AC8-4F75-ADE8-2815B6068597}.Debug|Any CPU.Build.0 = Debug|Any CPU
		{1AE7109A-9AC8-4F75-ADE8-2815B6068597}.Release|Any CPU.ActiveCfg = Release|Any CPU
		{1AE7109A-9AC8-4F75-ADE8-2815B6068597}.Release|Any CPU.Build.0 = Release|Any CPU
		{A8EBA270-4814-4130-9E67-B45353F6916E}.Debug|Any CPU.ActiveCfg = Debug|Any CPU
		{A8EBA270-4814-4130-9E67-B45353F6916E}.Debug|Any CPU.Build.0 = Debug|Any CPU
		{A8EBA270-4814-4130-9E67-B45353F6916E}.Release|Any CPU.ActiveCfg = Release|Any CPU
		{A8EBA270-4814-4130-9E67-B45353F6916E}.Release|Any CPU.Build.0 = Release|Any CPU
		{81EF35A7-721A-4615-B28D-0C42B8CB61D3}.Debug|Any CPU.ActiveCfg = Debug|Any CPU
		{81EF35A7-721A-4615-B28D-0C42B8CB61D3}.Debug|Any CPU.Build.0 = Debug|Any CPU
		{81EF35A7-721A-4615-B28D-0C42B8CB61D3}.Release|Any CPU.ActiveCfg = Release|Any CPU
		{81EF35A7-721A-4615-B28D-0C42B8CB61D3}.Release|Any CPU.Build.0 = Release|Any CPU
		{178C06B6-F883-4755-9977-D60173FD7D47}.Debug|Any CPU.ActiveCfg = Debug|Any CPU
		{178C06B6-F883-4755-9977-D60173FD7D47}.Debug|Any CPU.Build.0 = Debug|Any CPU
		{178C06B6-F883-4755-9977-D60173FD7D47}.Release|Any CPU.ActiveCfg = Release|Any CPU
		{178C06B6-F883-4755-9977-D60173FD7D47}.Release|Any CPU.Build.0 = Release|Any CPU
		{A13D46F3-7400-4D49-8172-49EBFDB9C042}.Debug|Any CPU.ActiveCfg = Debug|Any CPU
		{A13D46F3-7400-4D49-8172-49EBFDB9C042}.Debug|Any CPU.Build.0 = Debug|Any CPU
		{A13D46F3-7400-4D49-8172-49EBFDB9C042}.Release|Any CPU.ActiveCfg = Release|Any CPU
		{A13D46F3-7400-4D49-8172-49EBFDB9C042}.Release|Any CPU.Build.0 = Release|Any CPU
		{24FF902F-688A-4316-9D51-C9C3182C4083}.Debug|Any CPU.ActiveCfg = Debug|Any CPU
		{24FF902F-688A-4316-9D51-C9C3182C4083}.Debug|Any CPU.Build.0 = Debug|Any CPU
		{24FF902F-688A-4316-9D51-C9C3182C4083}.Release|Any CPU.ActiveCfg = Release|Any CPU
		{24FF902F-688A-4316-9D51-C9C3182C4083}.Release|Any CPU.Build.0 = Release|Any CPU
		{5E3CF1D5-9CA9-46C8-949B-E45976EFA17B}.Debug|Any CPU.ActiveCfg = Debug|Any CPU
		{5E3CF1D5-9CA9-46C8-949B-E45976EFA17B}.Debug|Any CPU.Build.0 = Debug|Any CPU
		{5E3CF1D5-9CA9-46C8-949B-E45976EFA17B}.Release|Any CPU.ActiveCfg = Release|Any CPU
		{5E3CF1D5-9CA9-46C8-949B-E45976EFA17B}.Release|Any CPU.Build.0 = Release|Any CPU
		{02D2C8DD-DCB6-44DF-B9DE-1D3C386BCC2A}.Debug|Any CPU.ActiveCfg = Debug|Any CPU
		{02D2C8DD-DCB6-44DF-B9DE-1D3C386BCC2A}.Debug|Any CPU.Build.0 = Debug|Any CPU
		{02D2C8DD-DCB6-44DF-B9DE-1D3C386BCC2A}.Release|Any CPU.ActiveCfg = Release|Any CPU
		{02D2C8DD-DCB6-44DF-B9DE-1D3C386BCC2A}.Release|Any CPU.Build.0 = Release|Any CPU
		{E7773F75-F87C-4C03-A5F4-36BE7E6C99EC}.Debug|Any CPU.ActiveCfg = Debug|Any CPU
		{E7773F75-F87C-4C03-A5F4-36BE7E6C99EC}.Debug|Any CPU.Build.0 = Debug|Any CPU
		{E7773F75-F87C-4C03-A5F4-36BE7E6C99EC}.Release|Any CPU.ActiveCfg = Release|Any CPU
		{E7773F75-F87C-4C03-A5F4-36BE7E6C99EC}.Release|Any CPU.Build.0 = Release|Any CPU
		{6DFBF4E4-1BC1-4600-96AF-A07F1D235FC7}.Debug|Any CPU.ActiveCfg = Debug|Any CPU
		{6DFBF4E4-1BC1-4600-96AF-A07F1D235FC7}.Debug|Any CPU.Build.0 = Debug|Any CPU
		{6DFBF4E4-1BC1-4600-96AF-A07F1D235FC7}.Release|Any CPU.ActiveCfg = Release|Any CPU
		{6DFBF4E4-1BC1-4600-96AF-A07F1D235FC7}.Release|Any CPU.Build.0 = Release|Any CPU
		{94AC8A9D-5CA9-4AE5-86A8-25BE39D477C4}.Debug|Any CPU.ActiveCfg = Debug|Any CPU
		{94AC8A9D-5CA9-4AE5-86A8-25BE39D477C4}.Debug|Any CPU.Build.0 = Debug|Any CPU
		{94AC8A9D-5CA9-4AE5-86A8-25BE39D477C4}.Release|Any CPU.ActiveCfg = Release|Any CPU
		{94AC8A9D-5CA9-4AE5-86A8-25BE39D477C4}.Release|Any CPU.Build.0 = Release|Any CPU
		{74EE9B8C-D242-4514-A945-F3A014086FFD}.Debug|Any CPU.ActiveCfg = Debug|Any CPU
		{74EE9B8C-D242-4514-A945-F3A014086FFD}.Debug|Any CPU.Build.0 = Debug|Any CPU
		{74EE9B8C-D242-4514-A945-F3A014086FFD}.Release|Any CPU.ActiveCfg = Release|Any CPU
		{74EE9B8C-D242-4514-A945-F3A014086FFD}.Release|Any CPU.Build.0 = Release|Any CPU
		{DC0C6787-921A-4F3B-84EF-8D8C26B29350}.Debug|Any CPU.ActiveCfg = Debug|Any CPU
		{DC0C6787-921A-4F3B-84EF-8D8C26B29350}.Debug|Any CPU.Build.0 = Debug|Any CPU
		{DC0C6787-921A-4F3B-84EF-8D8C26B29350}.Release|Any CPU.ActiveCfg = Release|Any CPU
		{DC0C6787-921A-4F3B-84EF-8D8C26B29350}.Release|Any CPU.Build.0 = Release|Any CPU
		{84D3CED8-EC58-447A-84BF-90A22C7F8BEA}.Debug|Any CPU.ActiveCfg = Debug|Any CPU
		{84D3CED8-EC58-447A-84BF-90A22C7F8BEA}.Debug|Any CPU.Build.0 = Debug|Any CPU
		{84D3CED8-EC58-447A-84BF-90A22C7F8BEA}.Release|Any CPU.ActiveCfg = Release|Any CPU
		{84D3CED8-EC58-447A-84BF-90A22C7F8BEA}.Release|Any CPU.Build.0 = Release|Any CPU
	EndGlobalSection
	GlobalSection(SolutionProperties) = preSolution
		HideSolutionNode = FALSE
	EndGlobalSection
	GlobalSection(NestedProjects) = preSolution
		{C25009C2-AE74-46D5-A897-A8246291A75F} = {5B9CFD8C-A916-4C82-B3F5-D6A4A4C81E03}
		{1AE7109A-9AC8-4F75-ADE8-2815B6068597} = {5B9CFD8C-A916-4C82-B3F5-D6A4A4C81E03}
		{A8EBA270-4814-4130-9E67-B45353F6916E} = {5B9CFD8C-A916-4C82-B3F5-D6A4A4C81E03}
		{81EF35A7-721A-4615-B28D-0C42B8CB61D3} = {5B9CFD8C-A916-4C82-B3F5-D6A4A4C81E03}
		{178C06B6-F883-4755-9977-D60173FD7D47} = {5B9CFD8C-A916-4C82-B3F5-D6A4A4C81E03}
		{24FF902F-688A-4316-9D51-C9C3182C4083} = {60AFDB1A-480B-4EF8-BAA2-2A3348FE08CE}
		{5E3CF1D5-9CA9-46C8-949B-E45976EFA17B} = {60AFDB1A-480B-4EF8-BAA2-2A3348FE08CE}
		{02D2C8DD-DCB6-44DF-B9DE-1D3C386BCC2A} = {60AFDB1A-480B-4EF8-BAA2-2A3348FE08CE}
		{E7773F75-F87C-4C03-A5F4-36BE7E6C99EC} = {60AFDB1A-480B-4EF8-BAA2-2A3348FE08CE}
		{74EE9B8C-D242-4514-A945-F3A014086FFD} = {5B9CFD8C-A916-4C82-B3F5-D6A4A4C81E03}
		{DC0C6787-921A-4F3B-84EF-8D8C26B29350} = {5B9CFD8C-A916-4C82-B3F5-D6A4A4C81E03}
		{84D3CED8-EC58-447A-84BF-90A22C7F8BEA} = {60AFDB1A-480B-4EF8-BAA2-2A3348FE08CE}
	EndGlobalSection
	GlobalSection(ExtensibilityGlobals) = postSolution
		SolutionGuid = {C0060FDC-BFBE-4C37-9CD9-703DE0DD249F}
	EndGlobalSection
EndGlobal
